{
  "requires": true,
  "lockfileVersion": 1,
  "dependencies": {
    "@types/google-maps": {
      "version": "3.2.0",
      "resolved": "https://registry.npmjs.org/@types/google-maps/-/google-maps-3.2.0.tgz",
      "integrity": "sha1-gEo66aySZbTg0VCLW5uJSGeXT4I=",
      "requires": {
        "@types/googlemaps": "3.30.7"
      }
    },
    "@types/googlemaps": {
      "version": "3.30.7",
      "resolved": "https://registry.npmjs.org/@types/googlemaps/-/googlemaps-3.30.7.tgz",
      "integrity": "sha512-e79j7ip6zrkig0jr739oZB5e6L0CRK1Rafcnazd5Qpj9epiFnA1akRLH1iZrV5FLxrwpHYWekGp/DQqJS53pfQ=="
    }
  }
}
